
Microsoft Visual Studio Solution File, Format Version 12.00
# Visual Studio Version 17
VisualStudioVersion = 17.4.33205.214
MinimumVisualStudioVersion = 10.0.40219.1
Project("{FAE04EC0-301F-11D3-BF4B-00C04F79EFBC}") = "Task4_1_17", "Task4_1_17\Task4_1_17.csproj", "{35E9B376-38EC-456A-95E0-A205C37520C3}"
EndProject
Project("{FAE04EC0-301F-11D3-BF4B-00C04F79EFBC}") = "Task4_1_12", "Task4.1.12\Task4_1_12.csproj", "{215AA2A3-EF14-4E57-8CE0-3DA48E483487}"
EndProject
Project("{FAE04EC0-301F-11D3-BF4B-00C04F79EFBC}") = "Task4_1_18", "Task4_1_18\Task4_1_18.csproj", "{F2FBBB4A-752D-430C-B8AA-F9497EC2C87E}"
EndProject
Project("{FAE04EC0-301F-11D3-BF4B-00C04F79EFBC}") = "Task4_3_6", "Task4_3_6\Task4_3_6.csproj", "{39516B7B-4EA4-42F0-A91F-D1AC637F928E}"
EndProject
Project("{FAE04EC0-301F-11D3-BF4B-00C04F79EFBC}") = "Task4_3_11", "Task4_3_11\Task4_3_11.csproj", "{736064B8-FF1D-4399-8F5C-EF89765B769D}"
EndProject
Project("{FAE04EC0-301F-11D3-BF4B-00C04F79EFBC}") = "Task4_3_12", "Task4_3_12\Task4_3_12.csproj", "{A2FF445C-5016-4DF7-8994-028F554D6F8B}"
EndProject
Project("{FAE04EC0-301F-11D3-BF4B-00C04F79EFBC}") = "Task4_3_13", "Task4_3_13\Task4_3_13.csproj", "{DCE909D1-DA88-4BF7-9399-ED676BD0D7B7}"
EndProject
Project("{FAE04EC0-301F-11D3-BF4B-00C04F79EFBC}") = "Task4_3_14", "Task4.3.14\Task4_3_14.csproj", "{D924D4B1-8BCE-47CF-ABE7-7EF9655AEB79}"
EndProject
Project("{FAE04EC0-301F-11D3-BF4B-00C04F79EFBC}") = "Task4_3_15", "Task4_3_15\Task4_3_15.csproj", "{0823C155-B73F-4674-9E72-6B577FFF1AA3}"
EndProject
Project("{FAE04EC0-301F-11D3-BF4B-00C04F79EFBC}") = "Task4_3_16", "Task4_3_16\Task4_3_16.csproj", "{B60E6B5E-BF16-4CB6-B014-E398F16E397E}"
EndProject
Project("{FAE04EC0-301F-11D3-BF4B-00C04F79EFBC}") = "Task4_3_17", "Task4_3_17\Task4_3_17.csproj", "{B4559036-5D5C-4A4C-B264-7C569F240F6F}"
EndProject
Project("{FAE04EC0-301F-11D3-BF4B-00C04F79EFBC}") = "Task4_4_3", "Task4_4_3\Task4_4_3.csproj", "{45BD49DD-B7AD-4E2D-B45D-C8BF7EEE8FF7}"
EndProject
Project("{FAE04EC0-301F-11D3-BF4B-00C04F79EFBC}") = "Task4_4_2", "Task4_4_2\Task4_4_2.csproj", "{F3DC2ABF-EC72-406B-8C1F-C7BDBD977A5A}"
EndProject
Project("{FAE04EC0-301F-11D3-BF4B-00C04F79EFBC}") = "Task4_4_5", "Task4_4_5\Task4_4_5.csproj", "{572A23EE-4471-4514-ADF8-99471F8BDA9C}"
EndProject
Project("{FAE04EC0-301F-11D3-BF4B-00C04F79EFBC}") = "Practice_Task4_5", "Practice_Task_4_5\Practice_Task4_5.csproj", "{538706F0-EB6A-462E-8211-DE19918001BF}"
EndProject
Global
	GlobalSection(SolutionConfigurationPlatforms) = preSolution
		Debug|Any CPU = Debug|Any CPU
		Release|Any CPU = Release|Any CPU
	EndGlobalSection
	GlobalSection(ProjectConfigurationPlatforms) = postSolution
		{35E9B376-38EC-456A-95E0-A205C37520C3}.Debug|Any CPU.ActiveCfg = Debug|Any CPU
		{35E9B376-38EC-456A-95E0-A205C37520C3}.Debug|Any CPU.Build.0 = Debug|Any CPU
		{35E9B376-38EC-456A-95E0-A205C37520C3}.Release|Any CPU.ActiveCfg = Release|Any CPU
		{35E9B376-38EC-456A-95E0-A205C37520C3}.Release|Any CPU.Build.0 = Release|Any CPU
		{215AA2A3-EF14-4E57-8CE0-3DA48E483487}.Debug|Any CPU.ActiveCfg = Debug|Any CPU
		{215AA2A3-EF14-4E57-8CE0-3DA48E483487}.Debug|Any CPU.Build.0 = Debug|Any CPU
		{215AA2A3-EF14-4E57-8CE0-3DA48E483487}.Release|Any CPU.ActiveCfg = Release|Any CPU
		{215AA2A3-EF14-4E57-8CE0-3DA48E483487}.Release|Any CPU.Build.0 = Release|Any CPU
		{F2FBBB4A-752D-430C-B8AA-F9497EC2C87E}.Debug|Any CPU.ActiveCfg = Debug|Any CPU
		{F2FBBB4A-752D-430C-B8AA-F9497EC2C87E}.Debug|Any CPU.Build.0 = Debug|Any CPU
		{F2FBBB4A-752D-430C-B8AA-F9497EC2C87E}.Release|Any CPU.ActiveCfg = Release|Any CPU
		{F2FBBB4A-752D-430C-B8AA-F9497EC2C87E}.Release|Any CPU.Build.0 = Release|Any CPU
		{39516B7B-4EA4-42F0-A91F-D1AC637F928E}.Debug|Any CPU.ActiveCfg = Debug|Any CPU
		{39516B7B-4EA4-42F0-A91F-D1AC637F928E}.Debug|Any CPU.Build.0 = Debug|Any CPU
		{39516B7B-4EA4-42F0-A91F-D1AC637F928E}.Release|Any CPU.ActiveCfg = Release|Any CPU
		{39516B7B-4EA4-42F0-A91F-D1AC637F928E}.Release|Any CPU.Build.0 = Release|Any CPU
		{736064B8-FF1D-4399-8F5C-EF89765B769D}.Debug|Any CPU.ActiveCfg = Debug|Any CPU
		{736064B8-FF1D-4399-8F5C-EF89765B769D}.Debug|Any CPU.Build.0 = Debug|Any CPU
		{736064B8-FF1D-4399-8F5C-EF89765B769D}.Release|Any CPU.ActiveCfg = Release|Any CPU
		{736064B8-FF1D-4399-8F5C-EF89765B769D}.Release|Any CPU.Build.0 = Release|Any CPU
		{A2FF445C-5016-4DF7-8994-028F554D6F8B}.Debug|Any CPU.ActiveCfg = Debug|Any CPU
		{A2FF445C-5016-4DF7-8994-028F554D6F8B}.Debug|Any CPU.Build.0 = Debug|Any CPU
		{A2FF445C-5016-4DF7-8994-028F554D6F8B}.Release|Any CPU.ActiveCfg = Release|Any CPU
		{A2FF445C-5016-4DF7-8994-028F554D6F8B}.Release|Any CPU.Build.0 = Release|Any CPU
		{DCE909D1-DA88-4BF7-9399-ED676BD0D7B7}.Debug|Any CPU.ActiveCfg = Debug|Any CPU
		{DCE909D1-DA88-4BF7-9399-ED676BD0D7B7}.Debug|Any CPU.Build.0 = Debug|Any CPU
		{DCE909D1-DA88-4BF7-9399-ED676BD0D7B7}.Release|Any CPU.ActiveCfg = Release|Any CPU
		{DCE909D1-DA88-4BF7-9399-ED676BD0D7B7}.Release|Any CPU.Build.0 = Release|Any CPU
		{D924D4B1-8BCE-47CF-ABE7-7EF9655AEB79}.Debug|Any CPU.ActiveCfg = Debug|Any CPU
		{D924D4B1-8BCE-47CF-ABE7-7EF9655AEB79}.Debug|Any CPU.Build.0 = Debug|Any CPU
		{D924D4B1-8BCE-47CF-ABE7-7EF9655AEB79}.Release|Any CPU.ActiveCfg = Release|Any CPU
		{D924D4B1-8BCE-47CF-ABE7-7EF9655AEB79}.Release|Any CPU.Build.0 = Release|Any CPU
		{0823C155-B73F-4674-9E72-6B577FFF1AA3}.Debug|Any CPU.ActiveCfg = Debug|Any CPU
		{0823C155-B73F-4674-9E72-6B577FFF1AA3}.Debug|Any CPU.Build.0 = Debug|Any CPU
		{0823C155-B73F-4674-9E72-6B577FFF1AA3}.Release|Any CPU.ActiveCfg = Release|Any CPU
		{0823C155-B73F-4674-9E72-6B577FFF1AA3}.Release|Any CPU.Build.0 = Release|Any CPU
		{B60E6B5E-BF16-4CB6-B014-E398F16E397E}.Debug|Any CPU.ActiveCfg = Debug|Any CPU
		{B60E6B5E-BF16-4CB6-B014-E398F16E397E}.Debug|Any CPU.Build.0 = Debug|Any CPU
		{B60E6B5E-BF16-4CB6-B014-E398F16E397E}.Release|Any CPU.ActiveCfg = Release|Any CPU
		{B60E6B5E-BF16-4CB6-B014-E398F16E397E}.Release|Any CPU.Build.0 = Release|Any CPU
		{B4559036-5D5C-4A4C-B264-7C569F240F6F}.Debug|Any CPU.ActiveCfg = Debug|Any CPU
		{B4559036-5D5C-4A4C-B264-7C569F240F6F}.Debug|Any CPU.Build.0 = Debug|Any CPU
		{B4559036-5D5C-4A4C-B264-7C569F240F6F}.Release|Any CPU.ActiveCfg = Release|Any CPU
		{B4559036-5D5C-4A4C-B264-7C569F240F6F}.Release|Any CPU.Build.0 = Release|Any CPU
		{45BD49DD-B7AD-4E2D-B45D-C8BF7EEE8FF7}.Debug|Any CPU.ActiveCfg = Debug|Any CPU
		{45BD49DD-B7AD-4E2D-B45D-C8BF7EEE8FF7}.Debug|Any CPU.Build.0 = Debug|Any CPU
		{45BD49DD-B7AD-4E2D-B45D-C8BF7EEE8FF7}.Release|Any CPU.ActiveCfg = Release|Any CPU
		{45BD49DD-B7AD-4E2D-B45D-C8BF7EEE8FF7}.Release|Any CPU.Build.0 = Release|Any CPU
		{F3DC2ABF-EC72-406B-8C1F-C7BDBD977A5A}.Debug|Any CPU.ActiveCfg = Debug|Any CPU
		{F3DC2ABF-EC72-406B-8C1F-C7BDBD977A5A}.Debug|Any CPU.Build.0 = Debug|Any CPU
		{F3DC2ABF-EC72-406B-8C1F-C7BDBD977A5A}.Release|Any CPU.ActiveCfg = Release|Any CPU
		{F3DC2ABF-EC72-406B-8C1F-C7BDBD977A5A}.Release|Any CPU.Build.0 = Release|Any CPU
		{572A23EE-4471-4514-ADF8-99471F8BDA9C}.Debug|Any CPU.ActiveCfg = Debug|Any CPU
		{572A23EE-4471-4514-ADF8-99471F8BDA9C}.Debug|Any CPU.Build.0 = Debug|Any CPU
		{572A23EE-4471-4514-ADF8-99471F8BDA9C}.Release|Any CPU.ActiveCfg = Release|Any CPU
		{572A23EE-4471-4514-ADF8-99471F8BDA9C}.Release|Any CPU.Build.0 = Release|Any CPU
		{538706F0-EB6A-462E-8211-DE19918001BF}.Debug|Any CPU.ActiveCfg = Debug|Any CPU
		{538706F0-EB6A-462E-8211-DE19918001BF}.Debug|Any CPU.Build.0 = Debug|Any CPU
		{538706F0-EB6A-462E-8211-DE19918001BF}.Release|Any CPU.ActiveCfg = Release|Any CPU
		{538706F0-EB6A-462E-8211-DE19918001BF}.Release|Any CPU.Build.0 = Release|Any CPU
	EndGlobalSection
	GlobalSection(SolutionProperties) = preSolution
		HideSolutionNode = FALSE
	EndGlobalSection
	GlobalSection(ExtensibilityGlobals) = postSolution
		SolutionGuid = {D62C31A9-9952-487D-A2CB-9DE23D26D7B5}
	EndGlobalSection
EndGlobal
